
Microsoft Visual Studio Solution File, Format Version 12.00
# Visual Studio Version 17
VisualStudioVersion = 17.8.34330.188
MinimumVisualStudioVersion = 10.0.40219.1
Project("{FAE04EC0-301F-11D3-BF4B-00C04F79EFBC}") = "atv_6", "atv_6.csproj", "{51B05404-8C09-4086-95BE-159AC02413CC}"
EndProject
Global
	GlobalSection(SolutionConfigurationPlatforms) = preSolution
		Debug|Any CPU = Debug|Any CPU
		Release|Any CPU = Release|Any CPU
	EndGlobalSection
	GlobalSection(ProjectConfigurationPlatforms) = postSolution
		{51B05404-8C09-4086-95BE-159AC02413CC}.Debug|Any CPU.ActiveCfg = Debug|Any CPU
		{51B05404-8C09-4086-95BE-159AC02413CC}.Debug|Any CPU.Build.0 = Debug|Any CPU
		{51B05404-8C09-4086-95BE-159AC02413CC}.Release|Any CPU.ActiveCfg = Release|Any CPU
		{51B05404-8C09-4086-95BE-159AC02413CC}.Release|Any CPU.Build.0 = Release|Any CPU
	EndGlobalSection
	GlobalSection(SolutionProperties) = preSolution
		HideSolutionNode = FALSE
	EndGlobalSection
	GlobalSection(ExtensibilityGlobals) = postSolution
		SolutionGuid = {C240D422-4DD5-4B09-8D30-ABE934EA4912}
	EndGlobalSection
EndGlobal
