
Microsoft Visual Studio Solution File, Format Version 12.00
# Visual Studio Version 17
VisualStudioVersion = 17.8.34330.188
MinimumVisualStudioVersion = 10.0.40219.1
Project("{FAE04EC0-301F-11D3-BF4B-00C04F79EFBC}") = "ClasseVeiculo", "ClasseVeiculo.csproj", "{5821936E-BC51-4EB5-A1BD-B0DC7719F38E}"
EndProject
Global
	GlobalSection(SolutionConfigurationPlatforms) = preSolution
		Debug|Any CPU = Debug|Any CPU
		Release|Any CPU = Release|Any CPU
	EndGlobalSection
	GlobalSection(ProjectConfigurationPlatforms) = postSolution
		{5821936E-BC51-4EB5-A1BD-B0DC7719F38E}.Debug|Any CPU.ActiveCfg = Debug|Any CPU
		{5821936E-BC51-4EB5-A1BD-B0DC7719F38E}.Debug|Any CPU.Build.0 = Debug|Any CPU
		{5821936E-BC51-4EB5-A1BD-B0DC7719F38E}.Release|Any CPU.ActiveCfg = Release|Any CPU
		{5821936E-BC51-4EB5-A1BD-B0DC7719F38E}.Release|Any CPU.Build.0 = Release|Any CPU
	EndGlobalSection
	GlobalSection(SolutionProperties) = preSolution
		HideSolutionNode = FALSE
	EndGlobalSection
	GlobalSection(ExtensibilityGlobals) = postSolution
		SolutionGuid = {559D1C8A-4F99-4297-9CB2-1D25204B17A8}
	EndGlobalSection
EndGlobal
